
Microsoft Visual Studio Solution File, Format Version 12.00
# Visual Studio Version 17
VisualStudioVersion = 17.3.32929.385
MinimumVisualStudioVersion = 10.0.40219.1
Project("{FAE04EC0-301F-11D3-BF4B-00C04F79EFBC}") = "HotChocolate.API", "HotChocolate.API\HotChocolate.API.csproj", "{906BFF13-A94C-431F-BE09-F8E784A2AEE6}"
EndProject
Global
	GlobalSection(SolutionConfigurationPlatforms) = preSolution
		Debug|Any CPU = Debug|Any CPU
		Release|Any CPU = Release|Any CPU
	EndGlobalSection
	GlobalSection(ProjectConfigurationPlatforms) = postSolution
		{906BFF13-A94C-431F-BE09-F8E784A2AEE6}.Debug|Any CPU.ActiveCfg = Debug|Any CPU
		{906BFF13-A94C-431F-BE09-F8E784A2AEE6}.Debug|Any CPU.Build.0 = Debug|Any CPU
		{906BFF13-A94C-431F-BE09-F8E784A2AEE6}.Release|Any CPU.ActiveCfg = Release|Any CPU
		{906BFF13-A94C-431F-BE09-F8E784A2AEE6}.Release|Any CPU.Build.0 = Release|Any CPU
	EndGlobalSection
	GlobalSection(SolutionProperties) = preSolution
		HideSolutionNode = FALSE
	EndGlobalSection
	GlobalSection(ExtensibilityGlobals) = postSolution
		SolutionGuid = {84424FA6-15FE-4588-B16F-0F8FD2A3738E}
	EndGlobalSection
EndGlobal
